// !$*UTF8*$!
{
	archiveVersion = 1;
	classes = {
	};
	objectVersion = 46;
	objects = {

/* Begin PBXBuildFile section */
		182A31071C21221A003C999C /* main.m in Sources */ = {isa = PBXBuildFile; fileRef = 182A31061C21221A003C999C /* main.m */; };
		182A310A1C21221A003C999C /* AppDelegate.m in Sources */ = {isa = PBXBuildFile; fileRef = 182A31091C21221A003C999C /* AppDelegate.m */; };
		182A310D1C21221A003C999C /* ViewController.m in Sources */ = {isa = PBXBuildFile; fileRef = 182A310C1C21221A003C999C /* ViewController.m */; };
		182A31101C21221A003C999C /* Main.storyboard in Resources */ = {isa = PBXBuildFile; fileRef = 182A310E1C21221A003C999C /* Main.storyboard */; };
		182A31121C21221A003C999C /* Images.xcassets in Resources */ = {isa = PBXBuildFile; fileRef = 182A31111C21221A003C999C /* Images.xcassets */; };
		182A31151C21221A003C999C /* LaunchScreen.xib in Resources */ = {isa = PBXBuildFile; fileRef = 182A31131C21221A003C999C /* LaunchScreen.xib */; };
		182A31211C21221A003C999C /* MultiThreadingAssignmentTests.m in Sources */ = {isa = PBXBuildFile; fileRef = 182A31201C21221A003C999C /* MultiThreadingAssignmentTests.m */; };
/* End PBXBuildFile section */

/* Begin PBXContainerItemProxy section */
		182A311B1C21221A003C999C /* PBXContainerItemProxy */ = {
			isa = PBXContainerItemProxy;
			containerPortal = 182A30F91C21221A003C999C /* Project object */;
			proxyType = 1;
			remoteGlobalIDString = 182A31001C21221A003C999C;
			remoteInfo = MultiThreadingAssignment;
		};
/* End PBXContainerItemProxy section */

/* Begin PBXFileReference section */
		182A31011C21221A003C999C /* MultiThreadingAssignment.app */ = {isa = PBXFileReference; explicitFileType = wrapper.application; includeInIndex = 0; path = MultiThreadingAssignment.app; sourceTree = BUILT_PRODUCTS_DIR; };
		182A31051C21221A003C999C /* Info.plist */ = {isa = PBXFileReference; lastKnownFileType = text.plist.xml; path = Info.plist; sourceTree = "<group>"; };
		182A31061C21221A003C999C /* main.m */ = {isa = PBXFileReference; lastKnownFileType = sourcecode.c.objc; path = main.m; sourceTree = "<group>"; };
		182A31081C21221A003C999C /* AppDelegate.h */ = {isa = PBXFileReference; lastKnownFileType = sourcecode.c.h; path = AppDelegate.h; sourceTree = "<group>"; };
		182A31091C21221A003C999C /* AppDelegate.m */ = {isa = PBXFileReference; lastKnownFileType = sourcecode.c.objc; path = AppDelegate.m; sourceTree = "<group>"; };
		182A310B1C21221A003C999C /* ViewController.h */ = {isa = PBXFileReference; lastKnownFileType = sourcecode.c.h; path = ViewController.h; sourceTree = "<group>"; };
		182A310C1C21221A003C999C /* ViewController.m */ = {isa = PBXFileReference; lastKnownFileType = sourcecode.c.objc; path = ViewController.m; sourceTree = "<group>"; };
		182A310F1C21221A003C999C /* Base */ = {isa = PBXFileReference; lastKnownFileType = file.storyboard; name = Base; path = Base.lproj/Main.storyboard; sourceTree = "<group>"; };
		182A31111C21221A003C999C /* Images.xcassets */ = {isa = PBXFileReference; lastKnownFileType = folder.assetcatalog; path = Images.xcassets; sourceTree = "<group>"; };
		182A31141C21221A003C999C /* Base */ = {isa = PBXFileReference; lastKnownFileType = file.xib; name = Base; path = Base.lproj/LaunchScreen.xib; sourceTree = "<group>"; };
		182A311A1C21221A003C999C /* MultiThreadingAssignmentTests.xctest */ = {isa = PBXFileReference; explicitFileType = wrapper.cfbundle; includeInIndex = 0; path = MultiThreadingAssignmentTests.xctest; sourceTree = BUILT_PRODUCTS_DIR; };
		182A311F1C21221A003C999C /* Info.plist */ = {isa = PBXFileReference; lastKnownFileType = text.plist.xml; path = Info.plist; sourceTree = "<group>"; };
		182A31201C21221A003C999C /* MultiThreadingAssignmentTests.m */ = {isa = PBXFileReference; lastKnownFileType = sourcecode.c.objc; path = MultiThreadingAssignmentTests.m; sourceTree = "<group>"; };
/* End PBXFileReference section */

/* Begin PBXFrameworksBuildPhase section */
		182A30FE1C21221A003C999C /* Frameworks */ = {
			isa = PBXFrameworksBuildPhase;
			buildActionMask = 2147483647;
			files = (
			);
			runOnlyForDeploymentPostprocessing = 0;
		};
		182A31171C21221A003C999C /* Frameworks */ = {
			isa = PBXFrameworksBuildPhase;
			buildActionMask = 2147483647;
			files = (
			);
			runOnlyForDeploymentPostprocessing = 0;
		};
/* End PBXFrameworksBuildPhase section */

/* Begin PBXGroup section */
		182A30F81C21221A003C999C = {
			isa = PBXGroup;
			children = (
				182A31031C21221A003C999C /* MultiThreadingAssignment */,
				182A311D1C21221A003C999C /* MultiThreadingAssignmentTests */,
				182A31021C21221A003C999C /* Products */,
			);
			sourceTree = "<group>";
		};
		182A31021C21221A003C999C /* Products */ = {
			isa = PBXGroup;
			children = (
				182A31011C21221A003C999C /* MultiThreadingAssignment.app */,
				182A311A1C21221A003C999C /* MultiThreadingAssignmentTests.xctest */,
			);
			name = Products;
			sourceTree = "<group>";
		};
		182A31031C21221A003C999C /* MultiThreadingAssignment */ = {
			isa = PBXGroup;
			children = (
				182A31081C21221A003C999C /* AppDelegate.h */,
				182A31091C21221A003C999C /* AppDelegate.m */,
				182A310B1C21221A003C999C /* ViewController.h */,
				182A310C1C21221A003C999C /* ViewController.m */,
				182A310E1C21221A003C999C /* Main.storyboard */,
				182A31111C21221A003C999C /* Images.xcassets */,
				182A31131C21221A003C999C /* LaunchScreen.xib */,
				182A31041C21221A003C999C /* Supporting Files */,
			);
			path = MultiThreadingAssignment;
			sourceTree = "<group>";
		};
		182A31041C21221A003C999C /* Supporting Files */ = {
			isa = PBXGroup;
			children = (
				182A31051C21221A003C999C /* Info.plist */,
				182A31061C21221A003C999C /* main.m */,
			);
			name = "Supporting Files";
			sourceTree = "<group>";
		};
		182A311D1C21221A003C999C /* MultiThreadingAssignmentTests */ = {
			isa = PBXGroup;
			children = (
				182A31201C21221A003C999C /* MultiThreadingAssignmentTests.m */,
				182A311E1C21221A003C999C /* Supporting Files */,
			);
			path = MultiThreadingAssignmentTests;
			sourceTree = "<group>";
		};
		182A311E1C21221A003C999C /* Supporting Files */ = {
			isa = PBXGroup;
			children = (
				182A311F1C21221A003C999C /* Info.plist */,
			);
			name = "Supporting Files";
			sourceTree = "<group>";
		};
/* End PBXGroup section */

/* Begin PBXNativeTarget section */
		182A31001C21221A003C999C /* MultiThreadingAssignment */ = {
			isa = PBXNativeTarget;
			buildConfigurationList = 182A31241C21221A003C999C /* Build configuration list for PBXNativeTarget "MultiThreadingAssignment" */;
			buildPhases = (
				182A30FD1C21221A003C999C /* Sources */,
				182A30FE1C21221A003C999C /* Frameworks */,
				182A30FF1C21221A003C999C /* Resources */,
			);
			buildRules = (
			);
			dependencies = (
			);
			name = MultiThreadingAssignment;
			productName = MultiThreadingAssignment;
			productReference = 182A31011C21221A003C999C /* MultiThreadingAssignment.app */;
			productType = "com.apple.product-type.application";
		};
		182A31191C21221A003C999C /* MultiThreadingAssignmentTests */ = {
			isa = PBXNativeTarget;
			buildConfigurationList = 182A31271C21221A003C999C /* Build configuration list for PBXNativeTarget "MultiThreadingAssignmentTests" */;
			buildPhases = (
				182A31161C21221A003C999C /* Sources */,
				182A31171C21221A003C999C /* Frameworks */,
				182A31181C21221A003C999C /* Resources */,
			);
			buildRules = (
			);
			dependencies = (
				182A311C1C21221A003C999C /* PBXTargetDependency */,
			);
			name = MultiThreadingAssignmentTests;
			productName = MultiThreadingAssignmentTests;
			productReference = 182A311A1C21221A003C999C /* MultiThreadingAssignmentTests.xctest */;
			productType = "com.apple.product-type.bundle.unit-test";
		};
/* End PBXNativeTarget section */

/* Begin PBXProject section */
		182A30F91C21221A003C999C /* Project object */ = {
			isa = PBXProject;
			attributes = {
				LastUpgradeCheck = 0600;
				ORGANIZATIONNAME = CDAC;
				TargetAttributes = {
					182A31001C21221A003C999C = {
						CreatedOnToolsVersion = 6.0;
					};
					182A31191C21221A003C999C = {
						CreatedOnToolsVersion = 6.0;
						TestTargetID = 182A31001C21221A003C999C;
					};
				};
			};
			buildConfigurationList = 182A30FC1C21221A003C999C /* Build configuration list for PBXProject "MultiThreadingAssignment" */;
			compatibilityVersion = "Xcode 3.2";
			developmentRegion = English;
			hasScannedForEncodings = 0;
			knownRegions = (
				en,
				Base,
			);
			mainGroup = 182A30F81C21221A003C999C;
			productRefGroup = 182A31021C21221A003C999C /* Products */;
			projectDirPath = "";
			projectRoot = "";
			targets = (
				182A31001C21221A003C999C /* MultiThreadingAssignment */,
				182A31191C21221A003C999C /* MultiThreadingAssignmentTests */,
			);
		};
/* End PBXProject section */

/* Begin PBXResourcesBuildPhase section */
		182A30FF1C21221A003C999C /* Resources */ = {
			isa = PBXResourcesBuildPhase;
			buildActionMask = 2147483647;
			files = (
				182A31101C21221A003C999C /* Main.storyboard in Resources */,
				182A31151C21221A003C999C /* LaunchScreen.xib in Resources */,
				182A31121C21221A003C999C /* Images.xcassets in Resources */,
			);
			runOnlyForDeploymentPostprocessing = 0;
		};
		182A31181C21221A003C999C /* Resources */ = {
			isa = PBXResourcesBuildPhase;
			buildActionMask = 2147483647;
			files = (
			);
			runOnlyForDeploymentPostprocessing = 0;
		};
/* End PBXResourcesBuildPhase section */

/* Begin PBXSourcesBuildPhase section */
		182A30FD1C21221A003C999C /* Sources */ = {
			isa = PBXSourcesBuildPhase;
			buildActionMask = 2147483647;
			files = (
				182A310D1C21221A003C999C /* ViewController.m in Sources */,
				182A310A1C21221A003C999C /* AppDelegate.m in Sources */,
				182A31071C21221A003C999C /* main.m in Sources */,
			);
			runOnlyForDeploymentPostprocessing = 0;
		};
		182A31161C21221A003C999C /* Sources */ = {
			isa = PBXSourcesBuildPhase;
			buildActionMask = 2147483647;
			files = (
				182A31211C21221A003C999C /* MultiThreadingAssignmentTests.m in Sources */,
			);
			runOnlyForDeploymentPostprocessing = 0;
		};
/* End PBXSourcesBuildPhase section */

/* Begin PBXTargetDependency section */
		182A311C1C21221A003C999C /* PBXTargetDependency */ = {
			isa = PBXTargetDependency;
			target = 182A31001C21221A003C999C /* MultiThreadingAssignment */;
			targetProxy = 182A311B1C21221A003C999C /* PBXContainerItemProxy */;
		};
/* End PBXTargetDependency section */

/* Begin PBXVariantGroup section */
		182A310E1C21221A003C999C /* Main.storyboard */ = {
			isa = PBXVariantGroup;
			children = (
				182A310F1C21221A003C999C /* Base */,
			);
			name = Main.storyboard;
			sourceTree = "<group>";
		};
		182A31131C21221A003C999C /* LaunchScreen.xib */ = {
			isa = PBXVariantGroup;
			children = (
				182A31141C21221A003C999C /* Base */,
			);
			name = LaunchScreen.xib;
			sourceTree = "<group>";
		};
/* End PBXVariantGroup section */

/* Begin XCBuildConfiguration section */
		182A31221C21221A003C999C /* Debug */ = {
			isa = XCBuildConfiguration;
			buildSettings = {
				ALWAYS_SEARCH_USER_PATHS = NO;
				CLANG_CXX_LANGUAGE_STANDARD = "gnu++0x";
				CLANG_CXX_LIBRARY = "libc++";
				CLANG_ENABLE_MODULES = YES;
				CLANG_ENABLE_OBJC_ARC = YES;
				CLANG_WARN_BOOL_CONVERSION = YES;
				CLANG_WARN_CONSTANT_CONVERSION = YES;
				CLANG_WARN_DIRECT_OBJC_ISA_USAGE = YES_ERROR;
				CLANG_WARN_EMPTY_BODY = YES;
				CLANG_WARN_ENUM_CONVERSION = YES;
				CLANG_WARN_INT_CONVERSION = YES;
				CLANG_WARN_OBJC_ROOT_CLASS = YES_ERROR;
				CLANG_WARN_UNREACHABLE_CODE = YES;
				CLANG_WARN__DUPLICATE_METHOD_MATCH = YES;
				"CODE_SIGN_IDENTITY[sdk=iphoneos*]" = "iPhone Developer";
				COPY_PHASE_STRIP = NO;
				ENABLE_STRICT_OBJC_MSGSEND = YES;
				GCC_C_LANGUAGE_STANDARD = gnu99;
				GCC_DYNAMIC_NO_PIC = NO;
				GCC_OPTIMIZATION_LEVEL = 0;
				GCC_PREPROCESSOR_DEFINITIONS = (
					"DEBUG=1",
					"$(inherited)",
				);
				GCC_SYMBOLS_PRIVATE_EXTERN = NO;
				GCC_WARN_64_TO_32_BIT_CONVERSION = YES;
				GCC_WARN_ABOUT_RETURN_TYPE = YES_ERROR;
				GCC_WARN_UNDECLARED_SELECTOR = YES;
				GCC_WARN_UNINITIALIZED_AUTOS = YES_AGGRESSIVE;
				GCC_WARN_UNUSED_FUNCTION = YES;
				GCC_WARN_UNUSED_VARIABLE = YES;
				IPHONEOS_DEPLOYMENT_TARGET = 8.0;
				MTL_ENABLE_DEBUG_INFO = YES;
				ONLY_ACTIVE_ARCH = YES;
				SDKROOT = iphoneos;
			};
			name = Debug;
		};
		182A31231C21221A003C999C /* Release */ = {
			isa = XCBuildConfiguration;
			buildSettings = {
				ALWAYS_SEARCH_USER_PATHS = NO;
				CLANG_CXX_LANGUAGE_STANDARD = "gnu++0x";
				CLANG_CXX_LIBRARY = "libc++";
				CLANG_ENABLE_MODULES = YES;
				CLANG_ENABLE_OBJC_ARC = YES;
				CLANG_WARN_BOOL_CONVERSION = YES;
				CLANG_WARN_CONSTANT_CONVERSION = YES;
				CLANG_WARN_DIRECT_OBJC_ISA_USAGE = YES_ERROR;
				CLANG_WARN_EMPTY_BODY = YES;
				CLANG_WARN_ENUM_CONVERSION = YES;
				CLANG_WARN_INT_CONVERSION = YES;
				CLANG_WARN_OBJC_ROOT_CLASS = YES_ERROR;
				CLANG_WARN_UNREACHABLE_CODE = YES;
				CLANG_WARN__DUPLICATE_METHOD_MATCH = YES;
				"CODE_SIGN_IDENTITY[sdk=iphoneos*]" = "iPhone Developer";
				COPY_PHASE_STRIP = YES;
				ENABLE_NS_ASSERTIONS = NO;
				ENABLE_STRICT_OBJC_MSGSEND = YES;
				GCC_C_LANGUAGE_STANDARD = gnu99;
				GCC_WARN_64_TO_32_BIT_CONVERSION = YES;
				GCC_WARN_ABOUT_RETURN_TYPE = YES_ERROR;
				GCC_WARN_UNDECLARED_SELECTOR = YES;
				GCC_WARN_UNINITIALIZED_AUTOS = YES_AGGRESSIVE;
				GCC_WARN_UNUSED_FUNCTION = YES;
				GCC_WARN_UNUSED_VARIABLE = YES;
				IPHONEOS_DEPLOYMENT_TARGET = 8.0;
				MTL_ENABLE_DEBUG_INFO = NO;
				SDKROOT = iphoneos;
				VALIDATE_PRODUCT = YES;
			};
			name = Release;
		};
		182A31251C21221A003C999C /* Debug */ = {
			isa = XCBuildConfiguration;
			buildSettings = {
				ASSETCATALOG_COMPILER_APPICON_NAME = AppIcon;
				INFOPLIST_FILE = MultiThreadingAssignment/Info.plist;
				LD_RUNPATH_SEARCH_PATHS = "$(inherited) @executable_path/Frameworks";
				PRODUCT_NAME = "$(TARGET_NAME)";
			};
			name = Debug;
		};
		182A31261C21221A003C999C /* Release */ = {
			isa = XCBuildConfiguration;
			buildSettings = {
				ASSETCATALOG_COMPILER_APPICON_NAME = AppIcon;
				INFOPLIST_FILE = MultiThreadingAssignment/Info.plist;
				LD_RUNPATH_SEARCH_PATHS = "$(inherited) @executable_path/Frameworks";
				PRODUCT_NAME = "$(TARGET_NAME)";
			};
			name = Release;
		};
		182A31281C21221A003C999C /* Debug */ = {
			isa = XCBuildConfiguration;
			buildSettings = {
				BUNDLE_LOADER = "$(TEST_HOST)";
				FRAMEWORK_SEARCH_PATHS = (
					"$(SDKROOT)/Developer/Library/Frameworks",
					"$(inherited)",
				);
				GCC_PREPROCESSOR_DEFINITIONS = (
					"DEBUG=1",
					"$(inherited)",
				);
				INFOPLIST_FILE = MultiThreadingAssignmentTests/Info.plist;
				LD_RUNPATH_SEARCH_PATHS = "$(inherited) @executable_path/Frameworks @loader_path/Frameworks";
				PRODUCT_NAME = "$(TARGET_NAME)";
				TEST_HOST = "$(BUILT_PRODUCTS_DIR)/MultiThreadingAssignment.app/MultiThreadingAssignment";
			};
			name = Debug;
		};
		182A31291C21221A003C999C /* Release */ = {
			isa = XCBuildConfiguration;
			buildSettings = {
				BUNDLE_LOADER = "$(TEST_HOST)";
				FRAMEWORK_SEARCH_PATHS = (
					"$(SDKROOT)/Developer/Library/Frameworks",
					"$(inherited)",
				);
				INFOPLIST_FILE = MultiThreadingAssignmentTests/Info.plist;
				LD_RUNPATH_SEARCH_PATHS = "$(inherited) @executable_path/Frameworks @loader_path/Frameworks";
				PRODUCT_NAME = "$(TARGET_NAME)";
				TEST_HOST = "$(BUILT_PRODUCTS_DIR)/MultiThreadingAssignment.app/MultiThreadingAssignment";
			};
			name = Release;
		};
/* End XCBuildConfiguration section */

/* Begin XCConfigurationList section */
		182A30FC1C21221A003C999C /* Build configuration list for PBXProject "MultiThreadingAssignment" */ = {
			isa = XCConfigurationList;
			buildConfigurations = (
				182A31221C21221A003C999C /* Debug */,
				182A31231C21221A003C999C /* Release */,
			);
			defaultConfigurationIsVisible = 0;
			defaultConfigurationName = Release;
		};
		182A31241C21221A003C999C /* Build configuration list for PBXNativeTarget "MultiThreadingAssignment" */ = {
			isa = XCConfigurationList;
			buildConfigurations = (
				182A31251C21221A003C999C /* Debug */,
				182A31261C21221A003C999C /* Release */,
			);
			defaultConfigurationIsVisible = 0;
		};
		182A31271C21221A003C999C /* Build configuration list for PBXNativeTarget "MultiThreadingAssignmentTests" */ = {
			isa = XCConfigurationList;
			buildConfigurations = (
				182A31281C21221A003C999C /* Debug */,
				182A31291C21221A003C999C /* Release */,
			);
			defaultConfigurationIsVisible = 0;
		};
/* End XCConfigurationList section */
	};
	rootObject = 182A30F91C21221A003C999C /* Project object */;
}
